
Microsoft Visual Studio Solution File, Format Version 12.00
# Visual Studio Version 17
VisualStudioVersion = 17.3.32922.545
MinimumVisualStudioVersion = 10.0.40219.1
Project("{E24C65DC-7377-472B-9ABA-BC803B73C61A}") = "WebClient", ".", "{786B1248-FE51-4F14-87D5-0608C00F41E8}"
	ProjectSection(WebsiteProperties) = preProject
		TargetFrameworkMoniker = ".NETFramework,Version%3Dv4.7.2"
		Debug.AspNetCompiler.VirtualPath = "/localhost_63682"
		Debug.AspNetCompiler.PhysicalPath = "..\WebClient\"
		Debug.AspNetCompiler.TargetPath = "PrecompiledWeb\localhost_63682\"
		Debug.AspNetCompiler.Updateable = "true"
		Debug.AspNetCompiler.ForceOverwrite = "true"
		Debug.AspNetCompiler.FixedNames = "false"
		Debug.AspNetCompiler.Debug = "True"
		Release.AspNetCompiler.VirtualPath = "/localhost_63682"
		Release.AspNetCompiler.PhysicalPath = "..\WebClient\"
		Release.AspNetCompiler.TargetPath = "PrecompiledWeb\localhost_63682\"
		Release.AspNetCompiler.Updateable = "true"
		Release.AspNetCompiler.ForceOverwrite = "true"
		Release.AspNetCompiler.FixedNames = "false"
		Release.AspNetCompiler.Debug = "False"
		VWDPort = "63682"
		SlnRelativePath = "..\WebClient\"
		DefaultWebSiteLanguage = "Visual C#"
	EndProjectSection
EndProject
Global
	GlobalSection(SolutionConfigurationPlatforms) = preSolution
		Debug|Any CPU = Debug|Any CPU
	EndGlobalSection
	GlobalSection(ProjectConfigurationPlatforms) = postSolution
		{786B1248-FE51-4F14-87D5-0608C00F41E8}.Debug|Any CPU.ActiveCfg = Debug|Any CPU
		{786B1248-FE51-4F14-87D5-0608C00F41E8}.Debug|Any CPU.Build.0 = Debug|Any CPU
	EndGlobalSection
	GlobalSection(SolutionProperties) = preSolution
		HideSolutionNode = FALSE
	EndGlobalSection
	GlobalSection(ExtensibilityGlobals) = postSolution
		SolutionGuid = {C6585EEE-471B-437E-82C4-0AE49456D465}
	EndGlobalSection
EndGlobal
